
Microsoft Visual Studio Solution File, Format Version 12.00
# Visual Studio Version 17
VisualStudioVersion = 17.14.36804.6 d17.14
MinimumVisualStudioVersion = 10.0.40219.1
Project("{8BC9CEB8-8B4A-11D0-8D11-00A0C91BC942}") = "Runner", "Runner\Runner.vcxproj", "{2D666B41-4557-47EB-891D-2000AD58EB0E}"
EndProject
Project("{8BC9CEB8-8B4A-11D0-8D11-00A0C91BC942}") = "TestBed", "TestBed\TestBed.vcxproj", "{61E8E585-4C10-46EB-AD9D-0585B06190AF}"
EndProject
Global
	GlobalSection(SolutionConfigurationPlatforms) = preSolution
		Debug|x64 = Debug|x64
		Debug|x86 = Debug|x86
		Release|x64 = Release|x64
		Release|x86 = Release|x86
	EndGlobalSection
	GlobalSection(ProjectConfigurationPlatforms) = postSolution
		{2D666B41-4557-47EB-891D-2000AD58EB0E}.Debug|x64.ActiveCfg = Debug|x64
		{2D666B41-4557-47EB-891D-2000AD58EB0E}.Debug|x64.Build.0 = Debug|x64
		{2D666B41-4557-47EB-891D-2000AD58EB0E}.Debug|x86.ActiveCfg = Debug|Win32
		{2D666B41-4557-47EB-891D-2000AD58EB0E}.Debug|x86.Build.0 = Debug|Win32
		{2D666B41-4557-47EB-891D-2000AD58EB0E}.Release|x64.ActiveCfg = Release|x64
		{2D666B41-4557-47EB-891D-2000AD58EB0E}.Release|x64.Build.0 = Release|x64
		{2D666B41-4557-47EB-891D-2000AD58EB0E}.Release|x86.ActiveCfg = Release|Win32
		{2D666B41-4557-47EB-891D-2000AD58EB0E}.Release|x86.Build.0 = Release|Win32
		{61E8E585-4C10-46EB-AD9D-0585B06190AF}.Debug|x64.ActiveCfg = Debug|x64
		{61E8E585-4C10-46EB-AD9D-0585B06190AF}.Debug|x64.Build.0 = Debug|x64
		{61E8E585-4C10-46EB-AD9D-0585B06190AF}.Debug|x86.ActiveCfg = Debug|Win32
		{61E8E585-4C10-46EB-AD9D-0585B06190AF}.Debug|x86.Build.0 = Debug|Win32
		{61E8E585-4C10-46EB-AD9D-0585B06190AF}.Release|x64.ActiveCfg = Release|x64
		{61E8E585-4C10-46EB-AD9D-0585B06190AF}.Release|x64.Build.0 = Release|x64
		{61E8E585-4C10-46EB-AD9D-0585B06190AF}.Release|x86.ActiveCfg = Release|Win32
		{61E8E585-4C10-46EB-AD9D-0585B06190AF}.Release|x86.Build.0 = Release|Win32
	EndGlobalSection
	GlobalSection(SolutionProperties) = preSolution
		HideSolutionNode = FALSE
	EndGlobalSection
	GlobalSection(ExtensibilityGlobals) = postSolution
		SolutionGuid = {2AA6F9E3-B690-4326-BE7A-8C5177232507}
	EndGlobalSection
EndGlobal
